
Microsoft Visual Studio Solution File, Format Version 12.00
# Visual Studio Version 17
VisualStudioVersion = 17.0.32112.339
MinimumVisualStudioVersion = 10.0.40219.1
Project("{FAE04EC0-301F-11D3-BF4B-00C04F79EFBC}") = "NotSpotify", "NotSpotify\NotSpotify.csproj", "{9A075119-3D88-4CB5-96A2-A8C05E07D5ED}"
EndProject
Global
	GlobalSection(SolutionConfigurationPlatforms) = preSolution
		Debug|Any CPU = Debug|Any CPU
		Release|Any CPU = Release|Any CPU
	EndGlobalSection
	GlobalSection(ProjectConfigurationPlatforms) = postSolution
		{9A075119-3D88-4CB5-96A2-A8C05E07D5ED}.Debug|Any CPU.ActiveCfg = Debug|Any CPU
		{9A075119-3D88-4CB5-96A2-A8C05E07D5ED}.Debug|Any CPU.Build.0 = Debug|Any CPU
		{9A075119-3D88-4CB5-96A2-A8C05E07D5ED}.Release|Any CPU.ActiveCfg = Release|Any CPU
		{9A075119-3D88-4CB5-96A2-A8C05E07D5ED}.Release|Any CPU.Build.0 = Release|Any CPU
	EndGlobalSection
	GlobalSection(SolutionProperties) = preSolution
		HideSolutionNode = FALSE
	EndGlobalSection
	GlobalSection(ExtensibilityGlobals) = postSolution
		SolutionGuid = {17D78B88-CEF7-4921-9E3B-25801D12692D}
	EndGlobalSection
EndGlobal
